
Microsoft Visual Studio Solution File, Format Version 12.00
Project("{FAE04EC0-301F-11D3-BF4B-00C04F79EFBC}") = "Structs", "Structs\Structs.csproj", "{D2157778-467D-4C0C-8E92-3F7204239A48}"
EndProject
Global
	GlobalSection(SolutionConfigurationPlatforms) = preSolution
		Debug|Any CPU = Debug|Any CPU
		Release|Any CPU = Release|Any CPU
	EndGlobalSection
	GlobalSection(ProjectConfigurationPlatforms) = postSolution
		{D2157778-467D-4C0C-8E92-3F7204239A48}.Debug|Any CPU.ActiveCfg = Debug|Any CPU
		{D2157778-467D-4C0C-8E92-3F7204239A48}.Debug|Any CPU.Build.0 = Debug|Any CPU
		{D2157778-467D-4C0C-8E92-3F7204239A48}.Release|Any CPU.ActiveCfg = Release|Any CPU
		{D2157778-467D-4C0C-8E92-3F7204239A48}.Release|Any CPU.Build.0 = Release|Any CPU
	EndGlobalSection
EndGlobal
